
Microsoft Visual Studio Solution File, Format Version 12.00
# Visual Studio Version 16
VisualStudioVersion = 16.0.30503.244
MinimumVisualStudioVersion = 10.0.40219.1
Project("{8BC9CEB8-8B4A-11D0-8D11-00A0C91BC942}") = "Test-4", "Test-4.vcxproj", "{0CE33B2E-E463-4D28-9396-C3CF8EB721BD}"
EndProject
Global
	GlobalSection(SolutionConfigurationPlatforms) = preSolution
		Debug|x64 = Debug|x64
		Debug|x86 = Debug|x86
		Release|x64 = Release|x64
		Release|x86 = Release|x86
	EndGlobalSection
	GlobalSection(ProjectConfigurationPlatforms) = postSolution
		{0CE33B2E-E463-4D28-9396-C3CF8EB721BD}.Debug|x64.ActiveCfg = Debug|x64
		{0CE33B2E-E463-4D28-9396-C3CF8EB721BD}.Debug|x64.Build.0 = Debug|x64
		{0CE33B2E-E463-4D28-9396-C3CF8EB721BD}.Debug|x86.ActiveCfg = Debug|Win32
		{0CE33B2E-E463-4D28-9396-C3CF8EB721BD}.Debug|x86.Build.0 = Debug|Win32
		{0CE33B2E-E463-4D28-9396-C3CF8EB721BD}.Release|x64.ActiveCfg = Release|x64
		{0CE33B2E-E463-4D28-9396-C3CF8EB721BD}.Release|x64.Build.0 = Release|x64
		{0CE33B2E-E463-4D28-9396-C3CF8EB721BD}.Release|x86.ActiveCfg = Release|Win32
		{0CE33B2E-E463-4D28-9396-C3CF8EB721BD}.Release|x86.Build.0 = Release|Win32
	EndGlobalSection
	GlobalSection(SolutionProperties) = preSolution
		HideSolutionNode = FALSE
	EndGlobalSection
	GlobalSection(ExtensibilityGlobals) = postSolution
		SolutionGuid = {1D7A2F82-CFE1-4C8F-975D-037A26536B7B}
	EndGlobalSection
EndGlobal
